
Microsoft Visual Studio Solution File, Format Version 12.00
# Visual Studio Version 17
VisualStudioVersion = 17.5.33627.172
MinimumVisualStudioVersion = 10.0.40219.1
Project("{FAE04EC0-301F-11D3-BF4B-00C04F79EFBC}") = "Uni-Scripts", "Uni-Scripts.csproj", "{0757F3B1-5CD0-4F07-8CBE-FCDA5B627E52}"
EndProject
Global
	GlobalSection(SolutionConfigurationPlatforms) = preSolution
		Debug|Any CPU = Debug|Any CPU
		Release|Any CPU = Release|Any CPU
	EndGlobalSection
	GlobalSection(ProjectConfigurationPlatforms) = postSolution
		{0757F3B1-5CD0-4F07-8CBE-FCDA5B627E52}.Debug|Any CPU.ActiveCfg = Debug|Any CPU
		{0757F3B1-5CD0-4F07-8CBE-FCDA5B627E52}.Debug|Any CPU.Build.0 = Debug|Any CPU
		{0757F3B1-5CD0-4F07-8CBE-FCDA5B627E52}.Release|Any CPU.ActiveCfg = Release|Any CPU
		{0757F3B1-5CD0-4F07-8CBE-FCDA5B627E52}.Release|Any CPU.Build.0 = Release|Any CPU
	EndGlobalSection
	GlobalSection(SolutionProperties) = preSolution
		HideSolutionNode = FALSE
	EndGlobalSection
	GlobalSection(ExtensibilityGlobals) = postSolution
		SolutionGuid = {0FD4A52B-9B10-4227-A660-7F15AA4A3F65}
	EndGlobalSection
EndGlobal
